
Microsoft Visual Studio Solution File, Format Version 12.00
# Visual Studio 15
VisualStudioVersion = 15.0.26730.10
MinimumVisualStudioVersion = 10.0.40219.1
Project("{FAE04EC0-301F-11D3-BF4B-00C04F79EFBC}") = "KosarkaApp", "KosarkaApp\KosarkaApp.csproj", "{E12084C5-ECFC-4ED2-B7A5-3D808E87AAF0}"
EndProject
Project("{FAE04EC0-301F-11D3-BF4B-00C04F79EFBC}") = "KosarkaApp.Tests", "KosarkaApp.Tests\KosarkaApp.Tests.csproj", "{3F3E794E-85A7-41A3-9D65-C63A8F2719E1}"
EndProject
Global
	GlobalSection(SolutionConfigurationPlatforms) = preSolution
		Debug|Any CPU = Debug|Any CPU
		Release|Any CPU = Release|Any CPU
	EndGlobalSection
	GlobalSection(ProjectConfigurationPlatforms) = postSolution
		{E12084C5-ECFC-4ED2-B7A5-3D808E87AAF0}.Debug|Any CPU.ActiveCfg = Debug|Any CPU
		{E12084C5-ECFC-4ED2-B7A5-3D808E87AAF0}.Debug|Any CPU.Build.0 = Debug|Any CPU
		{E12084C5-ECFC-4ED2-B7A5-3D808E87AAF0}.Release|Any CPU.ActiveCfg = Release|Any CPU
		{E12084C5-ECFC-4ED2-B7A5-3D808E87AAF0}.Release|Any CPU.Build.0 = Release|Any CPU
		{3F3E794E-85A7-41A3-9D65-C63A8F2719E1}.Debug|Any CPU.ActiveCfg = Debug|Any CPU
		{3F3E794E-85A7-41A3-9D65-C63A8F2719E1}.Debug|Any CPU.Build.0 = Debug|Any CPU
		{3F3E794E-85A7-41A3-9D65-C63A8F2719E1}.Release|Any CPU.ActiveCfg = Release|Any CPU
		{3F3E794E-85A7-41A3-9D65-C63A8F2719E1}.Release|Any CPU.Build.0 = Release|Any CPU
	EndGlobalSection
	GlobalSection(SolutionProperties) = preSolution
		HideSolutionNode = FALSE
	EndGlobalSection
	GlobalSection(ExtensibilityGlobals) = postSolution
		SolutionGuid = {C187761A-3A33-420D-9DA2-31F0B45FBE27}
	EndGlobalSection
EndGlobal
